
Microsoft Visual Studio Solution File, Format Version 12.00
# Visual Studio 15
VisualStudioVersion = 15.0.27703.2047
MinimumVisualStudioVersion = 10.0.40219.1
Project("{FAE04EC0-301F-11D3-BF4B-00C04F79EFBC}") = "QuadraticExamples", "QuadraticExamples\QuadraticExamples.csproj", "{4EBA79CC-37C9-494C-A421-7614AD6CB450}"
EndProject
Global
	GlobalSection(SolutionConfigurationPlatforms) = preSolution
		Debug|Any CPU = Debug|Any CPU
		Release|Any CPU = Release|Any CPU
	EndGlobalSection
	GlobalSection(ProjectConfigurationPlatforms) = postSolution
		{4EBA79CC-37C9-494C-A421-7614AD6CB450}.Debug|Any CPU.ActiveCfg = Debug|Any CPU
		{4EBA79CC-37C9-494C-A421-7614AD6CB450}.Debug|Any CPU.Build.0 = Debug|Any CPU
		{4EBA79CC-37C9-494C-A421-7614AD6CB450}.Release|Any CPU.ActiveCfg = Release|Any CPU
		{4EBA79CC-37C9-494C-A421-7614AD6CB450}.Release|Any CPU.Build.0 = Release|Any CPU
	EndGlobalSection
	GlobalSection(SolutionProperties) = preSolution
		HideSolutionNode = FALSE
	EndGlobalSection
	GlobalSection(ExtensibilityGlobals) = postSolution
		SolutionGuid = {7EA1DEBF-1BA4-48A7-96D8-6C7665DD5550}
	EndGlobalSection
EndGlobal
