
Microsoft Visual Studio Solution File, Format Version 12.00
# Visual Studio 15
VisualStudioVersion = 15.0.27130.2036
MinimumVisualStudioVersion = 10.0.40219.1
Project("{FAE04EC0-301F-11D3-BF4B-00C04F79EFBC}") = "JohnIf", "JohnIf\JohnIf.csproj", "{ABEFBF07-C4D9-4BF1-B1CC-3C462B59B37B}"
EndProject
Global
	GlobalSection(SolutionConfigurationPlatforms) = preSolution
		Debug|Any CPU = Debug|Any CPU
		Release|Any CPU = Release|Any CPU
	EndGlobalSection
	GlobalSection(ProjectConfigurationPlatforms) = postSolution
		{ABEFBF07-C4D9-4BF1-B1CC-3C462B59B37B}.Debug|Any CPU.ActiveCfg = Debug|Any CPU
		{ABEFBF07-C4D9-4BF1-B1CC-3C462B59B37B}.Debug|Any CPU.Build.0 = Debug|Any CPU
		{ABEFBF07-C4D9-4BF1-B1CC-3C462B59B37B}.Release|Any CPU.ActiveCfg = Release|Any CPU
		{ABEFBF07-C4D9-4BF1-B1CC-3C462B59B37B}.Release|Any CPU.Build.0 = Release|Any CPU
	EndGlobalSection
	GlobalSection(SolutionProperties) = preSolution
		HideSolutionNode = FALSE
	EndGlobalSection
	GlobalSection(ExtensibilityGlobals) = postSolution
		SolutionGuid = {873226B5-FFF0-4D72-8B52-8E62D12A56D4}
	EndGlobalSection
EndGlobal
