
Microsoft Visual Studio Solution File, Format Version 12.00
# Visual Studio 15
VisualStudioVersion = 15.0.27428.2037
MinimumVisualStudioVersion = 10.0.40219.1
Project("{FAE04EC0-301F-11D3-BF4B-00C04F79EFBC}") = "MetricConversion", "MetricConversion\MetricConversion.csproj", "{993A9300-1512-402F-93BA-8DF9DC4A543C}"
EndProject
Global
	GlobalSection(SolutionConfigurationPlatforms) = preSolution
		Debug|Any CPU = Debug|Any CPU
		Release|Any CPU = Release|Any CPU
	EndGlobalSection
	GlobalSection(ProjectConfigurationPlatforms) = postSolution
		{993A9300-1512-402F-93BA-8DF9DC4A543C}.Debug|Any CPU.ActiveCfg = Debug|Any CPU
		{993A9300-1512-402F-93BA-8DF9DC4A543C}.Debug|Any CPU.Build.0 = Debug|Any CPU
		{993A9300-1512-402F-93BA-8DF9DC4A543C}.Release|Any CPU.ActiveCfg = Release|Any CPU
		{993A9300-1512-402F-93BA-8DF9DC4A543C}.Release|Any CPU.Build.0 = Release|Any CPU
	EndGlobalSection
	GlobalSection(SolutionProperties) = preSolution
		HideSolutionNode = FALSE
	EndGlobalSection
	GlobalSection(ExtensibilityGlobals) = postSolution
		SolutionGuid = {E13C19DD-894B-449A-8C40-169C76141736}
	EndGlobalSection
EndGlobal
