
Microsoft Visual Studio Solution File, Format Version 12.00
# Visual Studio 15
VisualStudioVersion = 15.0.27428.2037
MinimumVisualStudioVersion = 10.0.40219.1
Project("{FAE04EC0-301F-11D3-BF4B-00C04F79EFBC}") = "WindowsFormsAdding2Nums", "WindowsFormsAdding2Nums\WindowsFormsAdding2Nums.csproj", "{526EAD25-5192-451C-8DBA-E1662692ADB4}"
EndProject
Global
	GlobalSection(SolutionConfigurationPlatforms) = preSolution
		Debug|Any CPU = Debug|Any CPU
		Release|Any CPU = Release|Any CPU
	EndGlobalSection
	GlobalSection(ProjectConfigurationPlatforms) = postSolution
		{526EAD25-5192-451C-8DBA-E1662692ADB4}.Debug|Any CPU.ActiveCfg = Debug|Any CPU
		{526EAD25-5192-451C-8DBA-E1662692ADB4}.Debug|Any CPU.Build.0 = Debug|Any CPU
		{526EAD25-5192-451C-8DBA-E1662692ADB4}.Release|Any CPU.ActiveCfg = Release|Any CPU
		{526EAD25-5192-451C-8DBA-E1662692ADB4}.Release|Any CPU.Build.0 = Release|Any CPU
	EndGlobalSection
	GlobalSection(SolutionProperties) = preSolution
		HideSolutionNode = FALSE
	EndGlobalSection
	GlobalSection(ExtensibilityGlobals) = postSolution
		SolutionGuid = {85BA1CD6-C329-405E-8066-F48AC8CC910A}
	EndGlobalSection
EndGlobal
