
Microsoft Visual Studio Solution File, Format Version 12.00
# Visual Studio 15
VisualStudioVersion = 15.0.27130.2036
MinimumVisualStudioVersion = 10.0.40219.1
Project("{FAE04EC0-301F-11D3-BF4B-00C04F79EFBC}") = "Area", "Area\Area.csproj", "{0DBA5D2C-373B-48F5-82D9-14A0BC74F856}"
EndProject
Global
	GlobalSection(SolutionConfigurationPlatforms) = preSolution
		Debug|Any CPU = Debug|Any CPU
		Release|Any CPU = Release|Any CPU
	EndGlobalSection
	GlobalSection(ProjectConfigurationPlatforms) = postSolution
		{0DBA5D2C-373B-48F5-82D9-14A0BC74F856}.Debug|Any CPU.ActiveCfg = Debug|Any CPU
		{0DBA5D2C-373B-48F5-82D9-14A0BC74F856}.Debug|Any CPU.Build.0 = Debug|Any CPU
		{0DBA5D2C-373B-48F5-82D9-14A0BC74F856}.Release|Any CPU.ActiveCfg = Release|Any CPU
		{0DBA5D2C-373B-48F5-82D9-14A0BC74F856}.Release|Any CPU.Build.0 = Release|Any CPU
	EndGlobalSection
	GlobalSection(SolutionProperties) = preSolution
		HideSolutionNode = FALSE
	EndGlobalSection
	GlobalSection(ExtensibilityGlobals) = postSolution
		SolutionGuid = {40CAAB02-660C-4D80-A017-9DE621BEA59C}
	EndGlobalSection
EndGlobal
