
Microsoft Visual Studio Solution File, Format Version 12.00
# Visual Studio 15
VisualStudioVersion = 15.0.27428.2037
MinimumVisualStudioVersion = 10.0.40219.1
Project("{FAE04EC0-301F-11D3-BF4B-00C04F79EFBC}") = "JohnOddAndEven", "JohnOddAndEven\JohnOddAndEven.csproj", "{012EAB7B-FC58-43AE-A67B-F3F70CAAF27E}"
EndProject
Global
	GlobalSection(SolutionConfigurationPlatforms) = preSolution
		Debug|Any CPU = Debug|Any CPU
		Release|Any CPU = Release|Any CPU
	EndGlobalSection
	GlobalSection(ProjectConfigurationPlatforms) = postSolution
		{012EAB7B-FC58-43AE-A67B-F3F70CAAF27E}.Debug|Any CPU.ActiveCfg = Debug|Any CPU
		{012EAB7B-FC58-43AE-A67B-F3F70CAAF27E}.Debug|Any CPU.Build.0 = Debug|Any CPU
		{012EAB7B-FC58-43AE-A67B-F3F70CAAF27E}.Release|Any CPU.ActiveCfg = Release|Any CPU
		{012EAB7B-FC58-43AE-A67B-F3F70CAAF27E}.Release|Any CPU.Build.0 = Release|Any CPU
	EndGlobalSection
	GlobalSection(SolutionProperties) = preSolution
		HideSolutionNode = FALSE
	EndGlobalSection
	GlobalSection(ExtensibilityGlobals) = postSolution
		SolutionGuid = {707C6AAC-4706-46AC-8F38-2EBC06841AFA}
	EndGlobalSection
EndGlobal
